
Microsoft Visual Studio Solution File, Format Version 12.00
# Visual Studio 15
VisualStudioVersion = 15.0.28307.106
MinimumVisualStudioVersion = 10.0.40219.1
Project("{FAE04EC0-301F-11D3-BF4B-00C04F79EFBC}") = "Appointments", "Appointments\Appointments.csproj", "{B8CC2366-C473-4499-A930-1C0FA2F0300E}"
EndProject
Global
	GlobalSection(SolutionConfigurationPlatforms) = preSolution
		Debug|Any CPU = Debug|Any CPU
		Release|Any CPU = Release|Any CPU
	EndGlobalSection
	GlobalSection(ProjectConfigurationPlatforms) = postSolution
		{B8CC2366-C473-4499-A930-1C0FA2F0300E}.Debug|Any CPU.ActiveCfg = Debug|Any CPU
		{B8CC2366-C473-4499-A930-1C0FA2F0300E}.Debug|Any CPU.Build.0 = Debug|Any CPU
		{B8CC2366-C473-4499-A930-1C0FA2F0300E}.Release|Any CPU.ActiveCfg = Release|Any CPU
		{B8CC2366-C473-4499-A930-1C0FA2F0300E}.Release|Any CPU.Build.0 = Release|Any CPU
	EndGlobalSection
	GlobalSection(SolutionProperties) = preSolution
		HideSolutionNode = FALSE
	EndGlobalSection
	GlobalSection(ExtensibilityGlobals) = postSolution
		SolutionGuid = {1F702223-141C-4C0B-B7CD-ED5C1EB51FBD}
	EndGlobalSection
EndGlobal
